
Microsoft Visual Studio Solution File, Format Version 12.00
# Visual Studio Version 17
VisualStudioVersion = 17.7.34302.85
MinimumVisualStudioVersion = 10.0.40219.1
Project("{FAE04EC0-301F-11D3-BF4B-00C04F79EFBC}") = "Test_Sample Website", "Test_Sample Website\Test_Sample Website.csproj", "{C8BD144D-C1B2-4EF1-A5DE-D82E47E5E7A1}"
EndProject
Global
	GlobalSection(SolutionConfigurationPlatforms) = preSolution
		Debug|Any CPU = Debug|Any CPU
		Release|Any CPU = Release|Any CPU
	EndGlobalSection
	GlobalSection(ProjectConfigurationPlatforms) = postSolution
		{C8BD144D-C1B2-4EF1-A5DE-D82E47E5E7A1}.Debug|Any CPU.ActiveCfg = Debug|Any CPU
		{C8BD144D-C1B2-4EF1-A5DE-D82E47E5E7A1}.Debug|Any CPU.Build.0 = Debug|Any CPU
		{C8BD144D-C1B2-4EF1-A5DE-D82E47E5E7A1}.Release|Any CPU.ActiveCfg = Release|Any CPU
		{C8BD144D-C1B2-4EF1-A5DE-D82E47E5E7A1}.Release|Any CPU.Build.0 = Release|Any CPU
	EndGlobalSection
	GlobalSection(SolutionProperties) = preSolution
		HideSolutionNode = FALSE
	EndGlobalSection
	GlobalSection(ExtensibilityGlobals) = postSolution
		SolutionGuid = {FE30E13A-D77E-4347-9434-31835F754CC3}
	EndGlobalSection
EndGlobal
